// !$*UTF8*$!
{
	archiveVersion = 1;
	classes = {
	};
	objectVersion = 46;
	objects = {

/* Begin PBXBuildFile section */
		653731371A1359940084E616 /* main.cpp in Sources */ = {isa = PBXBuildFile; fileRef = 653731341A1359940084E616 /* main.cpp */; };
		653731381A1359940084E616 /* vector.cpp in Sources */ = {isa = PBXBuildFile; fileRef = 653731351A1359940084E616 /* vector.cpp */; };
		653731401A1366740084E616 /* main.cpp in Sources */ = {isa = PBXBuildFile; fileRef = 6537313F1A1366740084E616 /* main.cpp */; };
		653731471A1366A10084E616 /* list.cpp in Sources */ = {isa = PBXBuildFile; fileRef = 653731451A1366A10084E616 /* list.cpp */; };
		653731551A1373C50084E616 /* exerc2.cpp in Sources */ = {isa = PBXBuildFile; fileRef = 653731531A13710C0084E616 /* exerc2.cpp */; };
/* End PBXBuildFile section */

/* Begin PBXCopyFilesBuildPhase section */
		6537310D1A1356110084E616 /* CopyFiles */ = {
			isa = PBXCopyFilesBuildPhase;
			buildActionMask = 2147483647;
			dstPath = /usr/share/man/man1/;
			dstSubfolderSpec = 0;
			files = (
			);
			runOnlyForDeploymentPostprocessing = 1;
		};
		653731261A1356900084E616 /* CopyFiles */ = {
			isa = PBXCopyFilesBuildPhase;
			buildActionMask = 2147483647;
			dstPath = /usr/share/man/man1/;
			dstSubfolderSpec = 0;
			files = (
			);
			runOnlyForDeploymentPostprocessing = 1;
		};
		6537313B1A1366740084E616 /* CopyFiles */ = {
			isa = PBXCopyFilesBuildPhase;
			buildActionMask = 2147483647;
			dstPath = /usr/share/man/man1/;
			dstSubfolderSpec = 0;
			files = (
			);
			runOnlyForDeploymentPostprocessing = 1;
		};
		6537314A1A1369EF0084E616 /* CopyFiles */ = {
			isa = PBXCopyFilesBuildPhase;
			buildActionMask = 2147483647;
			dstPath = /usr/share/man/man1/;
			dstSubfolderSpec = 0;
			files = (
			);
			runOnlyForDeploymentPostprocessing = 1;
		};
/* End PBXCopyFilesBuildPhase section */

/* Begin PBXFileReference section */
		6537310F1A1356110084E616 /* Lesson1 */ = {isa = PBXFileReference; explicitFileType = "compiled.mach-o.executable"; includeInIndex = 0; path = Lesson1; sourceTree = BUILT_PRODUCTS_DIR; };
		653731281A1356900084E616 /* Uppg1 */ = {isa = PBXFileReference; explicitFileType = "compiled.mach-o.executable"; includeInIndex = 0; path = Uppg1; sourceTree = BUILT_PRODUCTS_DIR; };
		653731341A1359940084E616 /* main.cpp */ = {isa = PBXFileReference; fileEncoding = 4; lastKnownFileType = sourcecode.cpp.cpp; path = main.cpp; sourceTree = "<group>"; };
		653731351A1359940084E616 /* vector.cpp */ = {isa = PBXFileReference; fileEncoding = 4; lastKnownFileType = sourcecode.cpp.cpp; path = vector.cpp; sourceTree = "<group>"; };
		653731361A1359940084E616 /* vector.h */ = {isa = PBXFileReference; fileEncoding = 4; lastKnownFileType = sourcecode.c.h; path = vector.h; sourceTree = "<group>"; };
		6537313D1A1366740084E616 /* Uppg3 */ = {isa = PBXFileReference; explicitFileType = "compiled.mach-o.executable"; includeInIndex = 0; path = Uppg3; sourceTree = BUILT_PRODUCTS_DIR; };
		6537313F1A1366740084E616 /* main.cpp */ = {isa = PBXFileReference; lastKnownFileType = sourcecode.cpp.cpp; path = main.cpp; sourceTree = "<group>"; };
		653731441A1366A10084E616 /* ex3_out.txt */ = {isa = PBXFileReference; fileEncoding = 4; lastKnownFileType = text; path = ex3_out.txt; sourceTree = "<group>"; };
		653731451A1366A10084E616 /* list.cpp */ = {isa = PBXFileReference; fileEncoding = 4; lastKnownFileType = sourcecode.cpp.cpp; path = list.cpp; sourceTree = "<group>"; };
		653731461A1366A10084E616 /* list.h */ = {isa = PBXFileReference; fileEncoding = 4; lastKnownFileType = sourcecode.c.h; path = list.h; sourceTree = "<group>"; };
		6537314C1A1369EF0084E616 /* Uppg2 */ = {isa = PBXFileReference; explicitFileType = "compiled.mach-o.executable"; includeInIndex = 0; path = Uppg2; sourceTree = BUILT_PRODUCTS_DIR; };
		653731531A13710C0084E616 /* exerc2.cpp */ = {isa = PBXFileReference; fileEncoding = 4; lastKnownFileType = sourcecode.cpp.cpp; path = exerc2.cpp; sourceTree = "<group>"; };
/* End PBXFileReference section */

/* Begin PBXFrameworksBuildPhase section */
		6537310C1A1356110084E616 /* Frameworks */ = {
			isa = PBXFrameworksBuildPhase;
			buildActionMask = 2147483647;
			files = (
			);
			runOnlyForDeploymentPostprocessing = 0;
		};
		653731251A1356900084E616 /* Frameworks */ = {
			isa = PBXFrameworksBuildPhase;
			buildActionMask = 2147483647;
			files = (
			);
			runOnlyForDeploymentPostprocessing = 0;
		};
		6537313A1A1366740084E616 /* Frameworks */ = {
			isa = PBXFrameworksBuildPhase;
			buildActionMask = 2147483647;
			files = (
			);
			runOnlyForDeploymentPostprocessing = 0;
		};
		653731491A1369EF0084E616 /* Frameworks */ = {
			isa = PBXFrameworksBuildPhase;
			buildActionMask = 2147483647;
			files = (
			);
			runOnlyForDeploymentPostprocessing = 0;
		};
/* End PBXFrameworksBuildPhase section */

/* Begin PBXGroup section */
		653731061A1356110084E616 = {
			isa = PBXGroup;
			children = (
				653731291A1356900084E616 /* Uppg1 */,
				6537314D1A1369EF0084E616 /* Uppg2 */,
				6537313E1A1366740084E616 /* Uppg3 */,
				653731101A1356110084E616 /* Products */,
			);
			sourceTree = "<group>";
		};
		653731101A1356110084E616 /* Products */ = {
			isa = PBXGroup;
			children = (
				6537310F1A1356110084E616 /* Lesson1 */,
				653731281A1356900084E616 /* Uppg1 */,
				6537313D1A1366740084E616 /* Uppg3 */,
				6537314C1A1369EF0084E616 /* Uppg2 */,
			);
			name = Products;
			sourceTree = "<group>";
		};
		653731291A1356900084E616 /* Uppg1 */ = {
			isa = PBXGroup;
			children = (
				653731341A1359940084E616 /* main.cpp */,
				653731351A1359940084E616 /* vector.cpp */,
				653731361A1359940084E616 /* vector.h */,
			);
			path = Uppg1;
			sourceTree = "<group>";
		};
		6537313E1A1366740084E616 /* Uppg3 */ = {
			isa = PBXGroup;
			children = (
				653731441A1366A10084E616 /* ex3_out.txt */,
				653731451A1366A10084E616 /* list.cpp */,
				653731461A1366A10084E616 /* list.h */,
				6537313F1A1366740084E616 /* main.cpp */,
			);
			path = Uppg3;
			sourceTree = "<group>";
		};
		6537314D1A1369EF0084E616 /* Uppg2 */ = {
			isa = PBXGroup;
			children = (
				653731531A13710C0084E616 /* exerc2.cpp */,
			);
			path = Uppg2;
			sourceTree = "<group>";
		};
/* End PBXGroup section */

/* Begin PBXNativeTarget section */
		6537310E1A1356110084E616 /* Lesson1 */ = {
			isa = PBXNativeTarget;
			buildConfigurationList = 653731161A1356110084E616 /* Build configuration list for PBXNativeTarget "Lesson1" */;
			buildPhases = (
				6537310B1A1356110084E616 /* Sources */,
				6537310C1A1356110084E616 /* Frameworks */,
				6537310D1A1356110084E616 /* CopyFiles */,
			);
			buildRules = (
			);
			dependencies = (
			);
			name = Lesson1;
			productName = Lesson1;
			productReference = 6537310F1A1356110084E616 /* Lesson1 */;
			productType = "com.apple.product-type.tool";
		};
		653731271A1356900084E616 /* Uppg1 */ = {
			isa = PBXNativeTarget;
			buildConfigurationList = 6537312C1A1356900084E616 /* Build configuration list for PBXNativeTarget "Uppg1" */;
			buildPhases = (
				653731241A1356900084E616 /* Sources */,
				653731251A1356900084E616 /* Frameworks */,
				653731261A1356900084E616 /* CopyFiles */,
			);
			buildRules = (
			);
			dependencies = (
			);
			name = Uppg1;
			productName = Uppg1;
			productReference = 653731281A1356900084E616 /* Uppg1 */;
			productType = "com.apple.product-type.tool";
		};
		6537313C1A1366740084E616 /* Uppg3 */ = {
			isa = PBXNativeTarget;
			buildConfigurationList = 653731411A1366740084E616 /* Build configuration list for PBXNativeTarget "Uppg3" */;
			buildPhases = (
				653731391A1366740084E616 /* Sources */,
				6537313A1A1366740084E616 /* Frameworks */,
				6537313B1A1366740084E616 /* CopyFiles */,
			);
			buildRules = (
			);
			dependencies = (
			);
			name = Uppg3;
			productName = Uppg3;
			productReference = 6537313D1A1366740084E616 /* Uppg3 */;
			productType = "com.apple.product-type.tool";
		};
		6537314B1A1369EF0084E616 /* Uppg2 */ = {
			isa = PBXNativeTarget;
			buildConfigurationList = 653731501A1369EF0084E616 /* Build configuration list for PBXNativeTarget "Uppg2" */;
			buildPhases = (
				653731481A1369EF0084E616 /* Sources */,
				653731491A1369EF0084E616 /* Frameworks */,
				6537314A1A1369EF0084E616 /* CopyFiles */,
			);
			buildRules = (
			);
			dependencies = (
			);
			name = Uppg2;
			productName = Uppg2;
			productReference = 6537314C1A1369EF0084E616 /* Uppg2 */;
			productType = "com.apple.product-type.tool";
		};
/* End PBXNativeTarget section */

/* Begin PBXProject section */
		653731071A1356110084E616 /* Project object */ = {
			isa = PBXProject;
			attributes = {
				LastUpgradeCheck = 0610;
				ORGANIZATIONNAME = "Daniel Böök";
				TargetAttributes = {
					6537310E1A1356110084E616 = {
						CreatedOnToolsVersion = 6.1;
					};
					653731271A1356900084E616 = {
						CreatedOnToolsVersion = 6.1;
					};
					6537313C1A1366740084E616 = {
						CreatedOnToolsVersion = 6.1;
					};
					6537314B1A1369EF0084E616 = {
						CreatedOnToolsVersion = 6.1;
					};
				};
			};
			buildConfigurationList = 6537310A1A1356110084E616 /* Build configuration list for PBXProject "Lesson1" */;
			compatibilityVersion = "Xcode 3.2";
			developmentRegion = English;
			hasScannedForEncodings = 0;
			knownRegions = (
				en,
			);
			mainGroup = 653731061A1356110084E616;
			productRefGroup = 653731101A1356110084E616 /* Products */;
			projectDirPath = "";
			projectRoot = "";
			targets = (
				6537310E1A1356110084E616 /* Lesson1 */,
				653731271A1356900084E616 /* Uppg1 */,
				6537313C1A1366740084E616 /* Uppg3 */,
				6537314B1A1369EF0084E616 /* Uppg2 */,
			);
		};
/* End PBXProject section */

/* Begin PBXSourcesBuildPhase section */
		6537310B1A1356110084E616 /* Sources */ = {
			isa = PBXSourcesBuildPhase;
			buildActionMask = 2147483647;
			files = (
			);
			runOnlyForDeploymentPostprocessing = 0;
		};
		653731241A1356900084E616 /* Sources */ = {
			isa = PBXSourcesBuildPhase;
			buildActionMask = 2147483647;
			files = (
				653731381A1359940084E616 /* vector.cpp in Sources */,
				653731371A1359940084E616 /* main.cpp in Sources */,
			);
			runOnlyForDeploymentPostprocessing = 0;
		};
		653731391A1366740084E616 /* Sources */ = {
			isa = PBXSourcesBuildPhase;
			buildActionMask = 2147483647;
			files = (
				653731401A1366740084E616 /* main.cpp in Sources */,
				653731471A1366A10084E616 /* list.cpp in Sources */,
			);
			runOnlyForDeploymentPostprocessing = 0;
		};
		653731481A1369EF0084E616 /* Sources */ = {
			isa = PBXSourcesBuildPhase;
			buildActionMask = 2147483647;
			files = (
				653731551A1373C50084E616 /* exerc2.cpp in Sources */,
			);
			runOnlyForDeploymentPostprocessing = 0;
		};
/* End PBXSourcesBuildPhase section */

/* Begin XCBuildConfiguration section */
		653731141A1356110084E616 /* Debug */ = {
			isa = XCBuildConfiguration;
			buildSettings = {
				ALWAYS_SEARCH_USER_PATHS = NO;
				CLANG_CXX_LANGUAGE_STANDARD = "gnu++0x";
				CLANG_CXX_LIBRARY = "libc++";
				CLANG_ENABLE_MODULES = YES;
				CLANG_ENABLE_OBJC_ARC = YES;
				CLANG_WARN_BOOL_CONVERSION = YES;
				CLANG_WARN_CONSTANT_CONVERSION = YES;
				CLANG_WARN_DIRECT_OBJC_ISA_USAGE = YES_ERROR;
				CLANG_WARN_EMPTY_BODY = YES;
				CLANG_WARN_ENUM_CONVERSION = YES;
				CLANG_WARN_INT_CONVERSION = YES;
				CLANG_WARN_OBJC_ROOT_CLASS = YES_ERROR;
				CLANG_WARN_UNREACHABLE_CODE = YES;
				CLANG_WARN__DUPLICATE_METHOD_MATCH = YES;
				COPY_PHASE_STRIP = NO;
				ENABLE_STRICT_OBJC_MSGSEND = YES;
				GCC_C_LANGUAGE_STANDARD = gnu99;
				GCC_DYNAMIC_NO_PIC = NO;
				GCC_OPTIMIZATION_LEVEL = 0;
				GCC_PREPROCESSOR_DEFINITIONS = (
					"DEBUG=1",
					"$(inherited)",
				);
				GCC_SYMBOLS_PRIVATE_EXTERN = NO;
				GCC_WARN_64_TO_32_BIT_CONVERSION = YES;
				GCC_WARN_ABOUT_RETURN_TYPE = YES_ERROR;
				GCC_WARN_UNDECLARED_SELECTOR = YES;
				GCC_WARN_UNINITIALIZED_AUTOS = YES_AGGRESSIVE;
				GCC_WARN_UNUSED_FUNCTION = YES;
				GCC_WARN_UNUSED_VARIABLE = YES;
				MACOSX_DEPLOYMENT_TARGET = 10.10;
				MTL_ENABLE_DEBUG_INFO = YES;
				ONLY_ACTIVE_ARCH = YES;
				SDKROOT = macosx;
			};
			name = Debug;
		};
		653731151A1356110084E616 /* Release */ = {
			isa = XCBuildConfiguration;
			buildSettings = {
				ALWAYS_SEARCH_USER_PATHS = NO;
				CLANG_CXX_LANGUAGE_STANDARD = "gnu++0x";
				CLANG_CXX_LIBRARY = "libc++";
				CLANG_ENABLE_MODULES = YES;
				CLANG_ENABLE_OBJC_ARC = YES;
				CLANG_WARN_BOOL_CONVERSION = YES;
				CLANG_WARN_CONSTANT_CONVERSION = YES;
				CLANG_WARN_DIRECT_OBJC_ISA_USAGE = YES_ERROR;
				CLANG_WARN_EMPTY_BODY = YES;
				CLANG_WARN_ENUM_CONVERSION = YES;
				CLANG_WARN_INT_CONVERSION = YES;
				CLANG_WARN_OBJC_ROOT_CLASS = YES_ERROR;
				CLANG_WARN_UNREACHABLE_CODE = YES;
				CLANG_WARN__DUPLICATE_METHOD_MATCH = YES;
				COPY_PHASE_STRIP = YES;
				DEBUG_INFORMATION_FORMAT = "dwarf-with-dsym";
				ENABLE_NS_ASSERTIONS = NO;
				ENABLE_STRICT_OBJC_MSGSEND = YES;
				GCC_C_LANGUAGE_STANDARD = gnu99;
				GCC_WARN_64_TO_32_BIT_CONVERSION = YES;
				GCC_WARN_ABOUT_RETURN_TYPE = YES_ERROR;
				GCC_WARN_UNDECLARED_SELECTOR = YES;
				GCC_WARN_UNINITIALIZED_AUTOS = YES_AGGRESSIVE;
				GCC_WARN_UNUSED_FUNCTION = YES;
				GCC_WARN_UNUSED_VARIABLE = YES;
				MACOSX_DEPLOYMENT_TARGET = 10.10;
				MTL_ENABLE_DEBUG_INFO = NO;
				SDKROOT = macosx;
			};
			name = Release;
		};
		653731171A1356110084E616 /* Debug */ = {
			isa = XCBuildConfiguration;
			buildSettings = {
				PRODUCT_NAME = "$(TARGET_NAME)";
			};
			name = Debug;
		};
		653731181A1356110084E616 /* Release */ = {
			isa = XCBuildConfiguration;
			buildSettings = {
				PRODUCT_NAME = "$(TARGET_NAME)";
			};
			name = Release;
		};
		6537312D1A1356900084E616 /* Debug */ = {
			isa = XCBuildConfiguration;
			buildSettings = {
				GCC_PREPROCESSOR_DEFINITIONS = (
					"DEBUG=1",
					"$(inherited)",
				);
				PRODUCT_NAME = "$(TARGET_NAME)";
			};
			name = Debug;
		};
		6537312E1A1356900084E616 /* Release */ = {
			isa = XCBuildConfiguration;
			buildSettings = {
				PRODUCT_NAME = "$(TARGET_NAME)";
			};
			name = Release;
		};
		653731421A1366740084E616 /* Debug */ = {
			isa = XCBuildConfiguration;
			buildSettings = {
				GCC_PREPROCESSOR_DEFINITIONS = (
					"DEBUG=1",
					"$(inherited)",
				);
				PRODUCT_NAME = "$(TARGET_NAME)";
			};
			name = Debug;
		};
		653731431A1366740084E616 /* Release */ = {
			isa = XCBuildConfiguration;
			buildSettings = {
				PRODUCT_NAME = "$(TARGET_NAME)";
			};
			name = Release;
		};
		653731511A1369EF0084E616 /* Debug */ = {
			isa = XCBuildConfiguration;
			buildSettings = {
				GCC_PREPROCESSOR_DEFINITIONS = (
					"DEBUG=1",
					"$(inherited)",
				);
				PRODUCT_NAME = "$(TARGET_NAME)";
			};
			name = Debug;
		};
		653731521A1369EF0084E616 /* Release */ = {
			isa = XCBuildConfiguration;
			buildSettings = {
				PRODUCT_NAME = "$(TARGET_NAME)";
			};
			name = Release;
		};
/* End XCBuildConfiguration section */

/* Begin XCConfigurationList section */
		6537310A1A1356110084E616 /* Build configuration list for PBXProject "Lesson1" */ = {
			isa = XCConfigurationList;
			buildConfigurations = (
				653731141A1356110084E616 /* Debug */,
				653731151A1356110084E616 /* Release */,
			);
			defaultConfigurationIsVisible = 0;
			defaultConfigurationName = Release;
		};
		653731161A1356110084E616 /* Build configuration list for PBXNativeTarget "Lesson1" */ = {
			isa = XCConfigurationList;
			buildConfigurations = (
				653731171A1356110084E616 /* Debug */,
				653731181A1356110084E616 /* Release */,
			);
			defaultConfigurationIsVisible = 0;
		};
		6537312C1A1356900084E616 /* Build configuration list for PBXNativeTarget "Uppg1" */ = {
			isa = XCConfigurationList;
			buildConfigurations = (
				6537312D1A1356900084E616 /* Debug */,
				6537312E1A1356900084E616 /* Release */,
			);
			defaultConfigurationIsVisible = 0;
		};
		653731411A1366740084E616 /* Build configuration list for PBXNativeTarget "Uppg3" */ = {
			isa = XCConfigurationList;
			buildConfigurations = (
				653731421A1366740084E616 /* Debug */,
				653731431A1366740084E616 /* Release */,
			);
			defaultConfigurationIsVisible = 0;
		};
		653731501A1369EF0084E616 /* Build configuration list for PBXNativeTarget "Uppg2" */ = {
			isa = XCConfigurationList;
			buildConfigurations = (
				653731511A1369EF0084E616 /* Debug */,
				653731521A1369EF0084E616 /* Release */,
			);
			defaultConfigurationIsVisible = 0;
		};
/* End XCConfigurationList section */
	};
	rootObject = 653731071A1356110084E616 /* Project object */;
}
