// !$*UTF8*$!
{
	archiveVersion = 1;
	classes = {
	};
	objectVersion = 46;
	objects = {

/* Begin PBXBuildFile section */
		65992DF11A37252C000DA413 /* ex2_V0.cpp in Sources */ = {isa = PBXBuildFile; fileRef = 65992DF01A37252C000DA413 /* ex2_V0.cpp */; };
/* End PBXBuildFile section */

/* Begin PBXCopyFilesBuildPhase section */
		65992DD91A372448000DA413 /* CopyFiles */ = {
			isa = PBXCopyFilesBuildPhase;
			buildActionMask = 2147483647;
			dstPath = /usr/share/man/man1/;
			dstSubfolderSpec = 0;
			files = (
			);
			runOnlyForDeploymentPostprocessing = 1;
		};
		65992DE71A372519000DA413 /* CopyFiles */ = {
			isa = PBXCopyFilesBuildPhase;
			buildActionMask = 2147483647;
			dstPath = /usr/share/man/man1/;
			dstSubfolderSpec = 0;
			files = (
			);
			runOnlyForDeploymentPostprocessing = 1;
		};
/* End PBXCopyFilesBuildPhase section */

/* Begin PBXFileReference section */
		65992DDB1A372448000DA413 /* Lesson4 */ = {isa = PBXFileReference; explicitFileType = "compiled.mach-o.executable"; includeInIndex = 0; path = Lesson4; sourceTree = BUILT_PRODUCTS_DIR; };
		65992DE91A372519000DA413 /* Exercise2 */ = {isa = PBXFileReference; explicitFileType = "compiled.mach-o.executable"; includeInIndex = 0; path = Exercise2; sourceTree = BUILT_PRODUCTS_DIR; };
		65992DF01A37252C000DA413 /* ex2_V0.cpp */ = {isa = PBXFileReference; fileEncoding = 4; lastKnownFileType = sourcecode.cpp.cpp; path = ex2_V0.cpp; sourceTree = "<group>"; };
/* End PBXFileReference section */

/* Begin PBXFrameworksBuildPhase section */
		65992DD81A372448000DA413 /* Frameworks */ = {
			isa = PBXFrameworksBuildPhase;
			buildActionMask = 2147483647;
			files = (
			);
			runOnlyForDeploymentPostprocessing = 0;
		};
		65992DE61A372519000DA413 /* Frameworks */ = {
			isa = PBXFrameworksBuildPhase;
			buildActionMask = 2147483647;
			files = (
			);
			runOnlyForDeploymentPostprocessing = 0;
		};
/* End PBXFrameworksBuildPhase section */

/* Begin PBXGroup section */
		65992DD21A372448000DA413 = {
			isa = PBXGroup;
			children = (
				65992DEA1A372519000DA413 /* Exercise2 */,
				65992DDC1A372448000DA413 /* Products */,
			);
			sourceTree = "<group>";
		};
		65992DDC1A372448000DA413 /* Products */ = {
			isa = PBXGroup;
			children = (
				65992DDB1A372448000DA413 /* Lesson4 */,
				65992DE91A372519000DA413 /* Exercise2 */,
			);
			name = Products;
			sourceTree = "<group>";
		};
		65992DEA1A372519000DA413 /* Exercise2 */ = {
			isa = PBXGroup;
			children = (
				65992DF01A37252C000DA413 /* ex2_V0.cpp */,
			);
			path = Exercise2;
			sourceTree = "<group>";
		};
/* End PBXGroup section */

/* Begin PBXNativeTarget section */
		65992DDA1A372448000DA413 /* Lesson4 */ = {
			isa = PBXNativeTarget;
			buildConfigurationList = 65992DE21A372448000DA413 /* Build configuration list for PBXNativeTarget "Lesson4" */;
			buildPhases = (
				65992DD71A372448000DA413 /* Sources */,
				65992DD81A372448000DA413 /* Frameworks */,
				65992DD91A372448000DA413 /* CopyFiles */,
			);
			buildRules = (
			);
			dependencies = (
			);
			name = Lesson4;
			productName = Lesson4;
			productReference = 65992DDB1A372448000DA413 /* Lesson4 */;
			productType = "com.apple.product-type.tool";
		};
		65992DE81A372519000DA413 /* Exercise2 */ = {
			isa = PBXNativeTarget;
			buildConfigurationList = 65992DED1A372519000DA413 /* Build configuration list for PBXNativeTarget "Exercise2" */;
			buildPhases = (
				65992DE51A372519000DA413 /* Sources */,
				65992DE61A372519000DA413 /* Frameworks */,
				65992DE71A372519000DA413 /* CopyFiles */,
			);
			buildRules = (
			);
			dependencies = (
			);
			name = Exercise2;
			productName = Exercise2;
			productReference = 65992DE91A372519000DA413 /* Exercise2 */;
			productType = "com.apple.product-type.tool";
		};
/* End PBXNativeTarget section */

/* Begin PBXProject section */
		65992DD31A372448000DA413 /* Project object */ = {
			isa = PBXProject;
			attributes = {
				LastUpgradeCheck = 0610;
				ORGANIZATIONNAME = "Daniel Böök";
				TargetAttributes = {
					65992DDA1A372448000DA413 = {
						CreatedOnToolsVersion = 6.1.1;
					};
					65992DE81A372519000DA413 = {
						CreatedOnToolsVersion = 6.1.1;
					};
				};
			};
			buildConfigurationList = 65992DD61A372448000DA413 /* Build configuration list for PBXProject "Lesson4" */;
			compatibilityVersion = "Xcode 3.2";
			developmentRegion = English;
			hasScannedForEncodings = 0;
			knownRegions = (
				en,
			);
			mainGroup = 65992DD21A372448000DA413;
			productRefGroup = 65992DDC1A372448000DA413 /* Products */;
			projectDirPath = "";
			projectRoot = "";
			targets = (
				65992DDA1A372448000DA413 /* Lesson4 */,
				65992DE81A372519000DA413 /* Exercise2 */,
			);
		};
/* End PBXProject section */

/* Begin PBXSourcesBuildPhase section */
		65992DD71A372448000DA413 /* Sources */ = {
			isa = PBXSourcesBuildPhase;
			buildActionMask = 2147483647;
			files = (
			);
			runOnlyForDeploymentPostprocessing = 0;
		};
		65992DE51A372519000DA413 /* Sources */ = {
			isa = PBXSourcesBuildPhase;
			buildActionMask = 2147483647;
			files = (
				65992DF11A37252C000DA413 /* ex2_V0.cpp in Sources */,
			);
			runOnlyForDeploymentPostprocessing = 0;
		};
/* End PBXSourcesBuildPhase section */

/* Begin XCBuildConfiguration section */
		65992DE01A372448000DA413 /* Debug */ = {
			isa = XCBuildConfiguration;
			buildSettings = {
				ALWAYS_SEARCH_USER_PATHS = NO;
				CLANG_CXX_LANGUAGE_STANDARD = "gnu++0x";
				CLANG_CXX_LIBRARY = "libc++";
				CLANG_ENABLE_MODULES = YES;
				CLANG_ENABLE_OBJC_ARC = YES;
				CLANG_WARN_BOOL_CONVERSION = YES;
				CLANG_WARN_CONSTANT_CONVERSION = YES;
				CLANG_WARN_DIRECT_OBJC_ISA_USAGE = YES_ERROR;
				CLANG_WARN_EMPTY_BODY = YES;
				CLANG_WARN_ENUM_CONVERSION = YES;
				CLANG_WARN_INT_CONVERSION = YES;
				CLANG_WARN_OBJC_ROOT_CLASS = YES_ERROR;
				CLANG_WARN_UNREACHABLE_CODE = YES;
				CLANG_WARN__DUPLICATE_METHOD_MATCH = YES;
				COPY_PHASE_STRIP = NO;
				ENABLE_STRICT_OBJC_MSGSEND = YES;
				GCC_C_LANGUAGE_STANDARD = gnu99;
				GCC_DYNAMIC_NO_PIC = NO;
				GCC_OPTIMIZATION_LEVEL = 0;
				GCC_PREPROCESSOR_DEFINITIONS = (
					"DEBUG=1",
					"$(inherited)",
				);
				GCC_SYMBOLS_PRIVATE_EXTERN = NO;
				GCC_WARN_64_TO_32_BIT_CONVERSION = YES;
				GCC_WARN_ABOUT_RETURN_TYPE = YES_ERROR;
				GCC_WARN_UNDECLARED_SELECTOR = YES;
				GCC_WARN_UNINITIALIZED_AUTOS = YES_AGGRESSIVE;
				GCC_WARN_UNUSED_FUNCTION = YES;
				GCC_WARN_UNUSED_VARIABLE = YES;
				MACOSX_DEPLOYMENT_TARGET = 10.10;
				MTL_ENABLE_DEBUG_INFO = YES;
				ONLY_ACTIVE_ARCH = YES;
				SDKROOT = macosx;
			};
			name = Debug;
		};
		65992DE11A372448000DA413 /* Release */ = {
			isa = XCBuildConfiguration;
			buildSettings = {
				ALWAYS_SEARCH_USER_PATHS = NO;
				CLANG_CXX_LANGUAGE_STANDARD = "gnu++0x";
				CLANG_CXX_LIBRARY = "libc++";
				CLANG_ENABLE_MODULES = YES;
				CLANG_ENABLE_OBJC_ARC = YES;
				CLANG_WARN_BOOL_CONVERSION = YES;
				CLANG_WARN_CONSTANT_CONVERSION = YES;
				CLANG_WARN_DIRECT_OBJC_ISA_USAGE = YES_ERROR;
				CLANG_WARN_EMPTY_BODY = YES;
				CLANG_WARN_ENUM_CONVERSION = YES;
				CLANG_WARN_INT_CONVERSION = YES;
				CLANG_WARN_OBJC_ROOT_CLASS = YES_ERROR;
				CLANG_WARN_UNREACHABLE_CODE = YES;
				CLANG_WARN__DUPLICATE_METHOD_MATCH = YES;
				COPY_PHASE_STRIP = YES;
				DEBUG_INFORMATION_FORMAT = "dwarf-with-dsym";
				ENABLE_NS_ASSERTIONS = NO;
				ENABLE_STRICT_OBJC_MSGSEND = YES;
				GCC_C_LANGUAGE_STANDARD = gnu99;
				GCC_WARN_64_TO_32_BIT_CONVERSION = YES;
				GCC_WARN_ABOUT_RETURN_TYPE = YES_ERROR;
				GCC_WARN_UNDECLARED_SELECTOR = YES;
				GCC_WARN_UNINITIALIZED_AUTOS = YES_AGGRESSIVE;
				GCC_WARN_UNUSED_FUNCTION = YES;
				GCC_WARN_UNUSED_VARIABLE = YES;
				MACOSX_DEPLOYMENT_TARGET = 10.10;
				MTL_ENABLE_DEBUG_INFO = NO;
				SDKROOT = macosx;
			};
			name = Release;
		};
		65992DE31A372448000DA413 /* Debug */ = {
			isa = XCBuildConfiguration;
			buildSettings = {
				PRODUCT_NAME = "$(TARGET_NAME)";
			};
			name = Debug;
		};
		65992DE41A372448000DA413 /* Release */ = {
			isa = XCBuildConfiguration;
			buildSettings = {
				PRODUCT_NAME = "$(TARGET_NAME)";
			};
			name = Release;
		};
		65992DEE1A372519000DA413 /* Debug */ = {
			isa = XCBuildConfiguration;
			buildSettings = {
				GCC_PREPROCESSOR_DEFINITIONS = (
					"DEBUG=1",
					"$(inherited)",
				);
				PRODUCT_NAME = "$(TARGET_NAME)";
			};
			name = Debug;
		};
		65992DEF1A372519000DA413 /* Release */ = {
			isa = XCBuildConfiguration;
			buildSettings = {
				PRODUCT_NAME = "$(TARGET_NAME)";
			};
			name = Release;
		};
/* End XCBuildConfiguration section */

/* Begin XCConfigurationList section */
		65992DD61A372448000DA413 /* Build configuration list for PBXProject "Lesson4" */ = {
			isa = XCConfigurationList;
			buildConfigurations = (
				65992DE01A372448000DA413 /* Debug */,
				65992DE11A372448000DA413 /* Release */,
			);
			defaultConfigurationIsVisible = 0;
			defaultConfigurationName = Release;
		};
		65992DE21A372448000DA413 /* Build configuration list for PBXNativeTarget "Lesson4" */ = {
			isa = XCConfigurationList;
			buildConfigurations = (
				65992DE31A372448000DA413 /* Debug */,
				65992DE41A372448000DA413 /* Release */,
			);
			defaultConfigurationIsVisible = 0;
		};
		65992DED1A372519000DA413 /* Build configuration list for PBXNativeTarget "Exercise2" */ = {
			isa = XCConfigurationList;
			buildConfigurations = (
				65992DEE1A372519000DA413 /* Debug */,
				65992DEF1A372519000DA413 /* Release */,
			);
			defaultConfigurationIsVisible = 0;
		};
/* End XCConfigurationList section */
	};
	rootObject = 65992DD31A372448000DA413 /* Project object */;
}
